
Microsoft Visual Studio Solution File, Format Version 12.00
Project("{FAE04EC0-301F-11D3-BF4B-00C04F79EFBC}") = "Kernel.Core", "Kernel\Kernel.Core\Kernel.Core.csproj", "{83AB84CC-5FF5-4F2C-89B6-BF5920BC0CBF}"
EndProject
Project("{FAE04EC0-301F-11D3-BF4B-00C04F79EFBC}") = "Kernel.Test", "Kernel\Kernel.Test\Kernel.Test.csproj", "{D7091CBA-96C9-4239-8208-9540509B55C4}"
EndProject
Project("{FAE04EC0-301F-11D3-BF4B-00C04F79EFBC}") = "ALPlanner.Infrastructure", "Planner\ALPlanner.Infrastructure\ALPlanner.Infrastructure.csproj", "{27ADF64C-B2FD-4D86-9BCD-E80F43ED1B11}"
EndProject
Project("{FAE04EC0-301F-11D3-BF4B-00C04F79EFBC}") = "ALPlanner.Domain", "Planner\ALPlanner.Domain\ALPlanner.Domain.csproj", "{C8037F83-85A5-4B87-9950-95072B8BE997}"
EndProject
Project("{FAE04EC0-301F-11D3-BF4B-00C04F79EFBC}") = "Planner", "Planner\Planner\Planner.csproj", "{DC23ABB8-62C8-4482-A815-C90BDAF0FF41}"
EndProject
Project("{FAE04EC0-301F-11D3-BF4B-00C04F79EFBC}") = "CostMap.Infrastructure", "Map\CostMap.Infrastructure\CostMap.Infrastructure.csproj", "{1F43A30D-1A7C-4D6B-8CF0-D113EE07D2B9}"
EndProject
Project("{FAE04EC0-301F-11D3-BF4B-00C04F79EFBC}") = "CostMap.Domain", "Map\CostMap.Domain\CostMap.Domain.csproj", "{4D8A1EF6-BC0C-4AC7-A020-1593CE655E1D}"
EndProject
Project("{FAE04EC0-301F-11D3-BF4B-00C04F79EFBC}") = "Map", "Map\Map\Map.csproj", "{77508DEA-80CC-4DB8-A953-DADD78FFA395}"
EndProject
Project("{2150E333-8FDC-42A3-9474-1A3956D46DE8}") = "Planner", "Planner", "{913BD8EB-E71D-4CF6-8D90-43C61288FB75}"
EndProject
Project("{2150E333-8FDC-42A3-9474-1A3956D46DE8}") = "ALPLanner", "ALPLanner", "{B3E9EEE8-9027-45AF-94D4-F2E6CC385481}"
EndProject
Project("{2150E333-8FDC-42A3-9474-1A3956D46DE8}") = "Map", "Map", "{747C05C1-94D3-4881-8CFA-8B77ADEAFFBB}"
EndProject
Project("{2150E333-8FDC-42A3-9474-1A3956D46DE8}") = "CostMap", "CostMap", "{BAE88E94-1FA0-4187-91B0-DD01B440F728}"
EndProject
Project("{2150E333-8FDC-42A3-9474-1A3956D46DE8}") = "Kernel", "Kernel", "{3097D5CC-CBC2-4E5C-A30F-033F2AB5A189}"
EndProject
Project("{2150E333-8FDC-42A3-9474-1A3956D46DE8}") = "SafetyCorridor", "SafetyCorridor", "{51A91DD6-1DB1-4EC2-A5B8-473B5AEF3245}"
EndProject
Project("{FAE04EC0-301F-11D3-BF4B-00C04F79EFBC}") = "SafetyCorridor.Infractructure", "Map\SafetyCorridor.Infractructure\SafetyCorridor.Infractructure.csproj", "{53C222C2-ED6A-4BCB-B890-7F51AD74B920}"
EndProject
Project("{FAE04EC0-301F-11D3-BF4B-00C04F79EFBC}") = "ALPlanner.Test", "Planner\ALPlanner.Test\ALPlanner.Test.csproj", "{9DE25A67-6001-4C48-AFBD-543F5A3788BF}"
EndProject
Project("{FAE04EC0-301F-11D3-BF4B-00C04F79EFBC}") = "CostMap.Test", "Map\CostMap.Test\CostMap.Test.csproj", "{BE552E08-0201-46D9-8239-0EB2B8B1E626}"
EndProject
Project("{FAE04EC0-301F-11D3-BF4B-00C04F79EFBC}") = "SafeCorridor.Domain", "Map\SafeCorridor.Domain\SafeCorridor.Domain.csproj", "{10D6A0FA-F1C0-4282-AF6F-7F924D6AC1E9}"
EndProject
Project("{FAE04EC0-301F-11D3-BF4B-00C04F79EFBC}") = "SafeCorridor.Test", "Map\SafeCorridor.Test\SafeCorridor.Test.csproj", "{50F42DD0-22A7-4B71-A929-612890FD27B9}"
EndProject
Project("{2150E333-8FDC-42A3-9474-1A3956D46DE8}") = "TrajectoryTracker", "TrajectoryTracker", "{5F49F26F-5075-427F-B772-07677030868D}"
EndProject
Project("{FAE04EC0-301F-11D3-BF4B-00C04F79EFBC}") = "MPC.Instructure", "TrajectoryTracker\MPC.Instructure\MPC.Instructure.csproj", "{D3A27AC1-B04B-4369-B407-337004BD8941}"
EndProject
Project("{FAE04EC0-301F-11D3-BF4B-00C04F79EFBC}") = "MPC.Domain", "TrajectoryTracker\MPC.Domain\MPC.Domain.csproj", "{1B00910C-7F8E-45E9-A965-93EF7A792421}"
EndProject
Project("{FAE04EC0-301F-11D3-BF4B-00C04F79EFBC}") = "MPC.Test", "TrajectoryTracker\MPC.Test\MPC.Test.csproj", "{4A09EE4B-26DD-48EB-A927-8164EBB2BDE3}"
EndProject
Project("{FAE04EC0-301F-11D3-BF4B-00C04F79EFBC}") = "TrajectoryTracker", "TrajectoryTracker\TrajectoryTracker\TrajectoryTracker.csproj", "{34868BAD-B126-4329-9F6F-80078F5A2AE9}"
EndProject
Project("{2150E333-8FDC-42A3-9474-1A3956D46DE8}") = "MPC", "MPC", "{ABE6CE08-1CC2-4E80-80F9-B8F6E5E860D3}"
EndProject
Project("{FAE04EC0-301F-11D3-BF4B-00C04F79EFBC}") = "Kernel.DataInterfaces", "Kernel\Kernel.DataInterfaces\Kernel.DataInterfaces.csproj", "{D497AF5B-80B0-439D-A52E-09D9F04C8912}"
EndProject
Project("{2150E333-8FDC-42A3-9474-1A3956D46DE8}") = "Bridges", "Bridges", "{15E8E404-ACC7-47EB-AFC1-DB9A47F364AB}"
EndProject
Project("{FAE04EC0-301F-11D3-BF4B-00C04F79EFBC}") = "TlarcRosBridge.Infrastructure", "Bridges\TlarcRosBridge.Infrastructure\TlarcRosBridge.Infrastructure.csproj", "{B0509297-19AF-42F9-9321-498C7D174403}"
EndProject
Project("{FAE04EC0-301F-11D3-BF4B-00C04F79EFBC}") = "TlarcRosBridge.Domain", "Bridges\TlarcRosBridge.Domain\TlarcRosBridge.Domain.csproj", "{7F6E4E9D-AF1D-49B5-83BC-7E4FDB5F0D6F}"
EndProject
Project("{2150E333-8FDC-42A3-9474-1A3956D46DE8}") = "Ros", "Ros", "{2C6545FC-E861-4918-A422-06331ABA2660}"
EndProject
Project("{FAE04EC0-301F-11D3-BF4B-00C04F79EFBC}") = "TlarcRosBridge.Test", "Bridges\TlarcRosBridge.Test\TlarcRosBridge.Test.csproj", "{0A861F78-EAFB-485B-B425-35615408BF8E}"
EndProject
Project("{FAE04EC0-301F-11D3-BF4B-00C04F79EFBC}") = "Kernel.Benchmarks", "Kernel\Kernel.Benchmarks\Kernel.Benchmarks.csproj", "{46EAEABE-5042-47E2-A116-C0FA50C01D37}"
EndProject
Global
	GlobalSection(SolutionConfigurationPlatforms) = preSolution
		Debug|Any CPU = Debug|Any CPU
		Release|Any CPU = Release|Any CPU
	EndGlobalSection
	GlobalSection(ProjectConfigurationPlatforms) = postSolution
		{C027D78D-397F-4D25-9361-8C7EF4968A50}.Debug|Any CPU.ActiveCfg = Debug|Any CPU
		{C027D78D-397F-4D25-9361-8C7EF4968A50}.Debug|Any CPU.Build.0 = Debug|Any CPU
		{C027D78D-397F-4D25-9361-8C7EF4968A50}.Release|Any CPU.ActiveCfg = Release|Any CPU
		{C027D78D-397F-4D25-9361-8C7EF4968A50}.Release|Any CPU.Build.0 = Release|Any CPU
		{83AB84CC-5FF5-4F2C-89B6-BF5920BC0CBF}.Debug|Any CPU.ActiveCfg = Debug|Any CPU
		{83AB84CC-5FF5-4F2C-89B6-BF5920BC0CBF}.Debug|Any CPU.Build.0 = Debug|Any CPU
		{83AB84CC-5FF5-4F2C-89B6-BF5920BC0CBF}.Release|Any CPU.ActiveCfg = Release|Any CPU
		{83AB84CC-5FF5-4F2C-89B6-BF5920BC0CBF}.Release|Any CPU.Build.0 = Release|Any CPU
		{D7091CBA-96C9-4239-8208-9540509B55C4}.Debug|Any CPU.ActiveCfg = Debug|Any CPU
		{D7091CBA-96C9-4239-8208-9540509B55C4}.Debug|Any CPU.Build.0 = Debug|Any CPU
		{D7091CBA-96C9-4239-8208-9540509B55C4}.Release|Any CPU.ActiveCfg = Release|Any CPU
		{D7091CBA-96C9-4239-8208-9540509B55C4}.Release|Any CPU.Build.0 = Release|Any CPU
		{27ADF64C-B2FD-4D86-9BCD-E80F43ED1B11}.Debug|Any CPU.ActiveCfg = Debug|Any CPU
		{27ADF64C-B2FD-4D86-9BCD-E80F43ED1B11}.Debug|Any CPU.Build.0 = Debug|Any CPU
		{27ADF64C-B2FD-4D86-9BCD-E80F43ED1B11}.Release|Any CPU.ActiveCfg = Release|Any CPU
		{27ADF64C-B2FD-4D86-9BCD-E80F43ED1B11}.Release|Any CPU.Build.0 = Release|Any CPU
		{C8037F83-85A5-4B87-9950-95072B8BE997}.Debug|Any CPU.ActiveCfg = Debug|Any CPU
		{C8037F83-85A5-4B87-9950-95072B8BE997}.Debug|Any CPU.Build.0 = Debug|Any CPU
		{C8037F83-85A5-4B87-9950-95072B8BE997}.Release|Any CPU.ActiveCfg = Release|Any CPU
		{C8037F83-85A5-4B87-9950-95072B8BE997}.Release|Any CPU.Build.0 = Release|Any CPU
		{DC23ABB8-62C8-4482-A815-C90BDAF0FF41}.Debug|Any CPU.ActiveCfg = Debug|Any CPU
		{DC23ABB8-62C8-4482-A815-C90BDAF0FF41}.Debug|Any CPU.Build.0 = Debug|Any CPU
		{DC23ABB8-62C8-4482-A815-C90BDAF0FF41}.Release|Any CPU.ActiveCfg = Release|Any CPU
		{DC23ABB8-62C8-4482-A815-C90BDAF0FF41}.Release|Any CPU.Build.0 = Release|Any CPU
		{1F43A30D-1A7C-4D6B-8CF0-D113EE07D2B9}.Debug|Any CPU.ActiveCfg = Debug|Any CPU
		{1F43A30D-1A7C-4D6B-8CF0-D113EE07D2B9}.Debug|Any CPU.Build.0 = Debug|Any CPU
		{1F43A30D-1A7C-4D6B-8CF0-D113EE07D2B9}.Release|Any CPU.ActiveCfg = Release|Any CPU
		{1F43A30D-1A7C-4D6B-8CF0-D113EE07D2B9}.Release|Any CPU.Build.0 = Release|Any CPU
		{4D8A1EF6-BC0C-4AC7-A020-1593CE655E1D}.Debug|Any CPU.ActiveCfg = Debug|Any CPU
		{4D8A1EF6-BC0C-4AC7-A020-1593CE655E1D}.Debug|Any CPU.Build.0 = Debug|Any CPU
		{4D8A1EF6-BC0C-4AC7-A020-1593CE655E1D}.Release|Any CPU.ActiveCfg = Release|Any CPU
		{4D8A1EF6-BC0C-4AC7-A020-1593CE655E1D}.Release|Any CPU.Build.0 = Release|Any CPU
		{77508DEA-80CC-4DB8-A953-DADD78FFA395}.Debug|Any CPU.ActiveCfg = Debug|Any CPU
		{77508DEA-80CC-4DB8-A953-DADD78FFA395}.Debug|Any CPU.Build.0 = Debug|Any CPU
		{77508DEA-80CC-4DB8-A953-DADD78FFA395}.Release|Any CPU.ActiveCfg = Release|Any CPU
		{77508DEA-80CC-4DB8-A953-DADD78FFA395}.Release|Any CPU.Build.0 = Release|Any CPU
		{53C222C2-ED6A-4BCB-B890-7F51AD74B920}.Debug|Any CPU.ActiveCfg = Debug|Any CPU
		{53C222C2-ED6A-4BCB-B890-7F51AD74B920}.Debug|Any CPU.Build.0 = Debug|Any CPU
		{53C222C2-ED6A-4BCB-B890-7F51AD74B920}.Release|Any CPU.ActiveCfg = Release|Any CPU
		{53C222C2-ED6A-4BCB-B890-7F51AD74B920}.Release|Any CPU.Build.0 = Release|Any CPU
		{9DE25A67-6001-4C48-AFBD-543F5A3788BF}.Debug|Any CPU.ActiveCfg = Debug|Any CPU
		{9DE25A67-6001-4C48-AFBD-543F5A3788BF}.Debug|Any CPU.Build.0 = Debug|Any CPU
		{9DE25A67-6001-4C48-AFBD-543F5A3788BF}.Release|Any CPU.ActiveCfg = Release|Any CPU
		{9DE25A67-6001-4C48-AFBD-543F5A3788BF}.Release|Any CPU.Build.0 = Release|Any CPU
		{BE552E08-0201-46D9-8239-0EB2B8B1E626}.Debug|Any CPU.ActiveCfg = Debug|Any CPU
		{BE552E08-0201-46D9-8239-0EB2B8B1E626}.Debug|Any CPU.Build.0 = Debug|Any CPU
		{BE552E08-0201-46D9-8239-0EB2B8B1E626}.Release|Any CPU.ActiveCfg = Release|Any CPU
		{BE552E08-0201-46D9-8239-0EB2B8B1E626}.Release|Any CPU.Build.0 = Release|Any CPU
		{10D6A0FA-F1C0-4282-AF6F-7F924D6AC1E9}.Debug|Any CPU.ActiveCfg = Debug|Any CPU
		{10D6A0FA-F1C0-4282-AF6F-7F924D6AC1E9}.Debug|Any CPU.Build.0 = Debug|Any CPU
		{10D6A0FA-F1C0-4282-AF6F-7F924D6AC1E9}.Release|Any CPU.ActiveCfg = Release|Any CPU
		{10D6A0FA-F1C0-4282-AF6F-7F924D6AC1E9}.Release|Any CPU.Build.0 = Release|Any CPU
		{50F42DD0-22A7-4B71-A929-612890FD27B9}.Debug|Any CPU.ActiveCfg = Debug|Any CPU
		{50F42DD0-22A7-4B71-A929-612890FD27B9}.Debug|Any CPU.Build.0 = Debug|Any CPU
		{50F42DD0-22A7-4B71-A929-612890FD27B9}.Release|Any CPU.ActiveCfg = Release|Any CPU
		{50F42DD0-22A7-4B71-A929-612890FD27B9}.Release|Any CPU.Build.0 = Release|Any CPU
		{D3A27AC1-B04B-4369-B407-337004BD8941}.Debug|Any CPU.ActiveCfg = Debug|Any CPU
		{D3A27AC1-B04B-4369-B407-337004BD8941}.Debug|Any CPU.Build.0 = Debug|Any CPU
		{D3A27AC1-B04B-4369-B407-337004BD8941}.Release|Any CPU.ActiveCfg = Release|Any CPU
		{D3A27AC1-B04B-4369-B407-337004BD8941}.Release|Any CPU.Build.0 = Release|Any CPU
		{1B00910C-7F8E-45E9-A965-93EF7A792421}.Debug|Any CPU.ActiveCfg = Debug|Any CPU
		{1B00910C-7F8E-45E9-A965-93EF7A792421}.Debug|Any CPU.Build.0 = Debug|Any CPU
		{1B00910C-7F8E-45E9-A965-93EF7A792421}.Release|Any CPU.ActiveCfg = Release|Any CPU
		{1B00910C-7F8E-45E9-A965-93EF7A792421}.Release|Any CPU.Build.0 = Release|Any CPU
		{4A09EE4B-26DD-48EB-A927-8164EBB2BDE3}.Debug|Any CPU.ActiveCfg = Debug|Any CPU
		{4A09EE4B-26DD-48EB-A927-8164EBB2BDE3}.Debug|Any CPU.Build.0 = Debug|Any CPU
		{4A09EE4B-26DD-48EB-A927-8164EBB2BDE3}.Release|Any CPU.ActiveCfg = Release|Any CPU
		{4A09EE4B-26DD-48EB-A927-8164EBB2BDE3}.Release|Any CPU.Build.0 = Release|Any CPU
		{34868BAD-B126-4329-9F6F-80078F5A2AE9}.Debug|Any CPU.ActiveCfg = Debug|Any CPU
		{34868BAD-B126-4329-9F6F-80078F5A2AE9}.Debug|Any CPU.Build.0 = Debug|Any CPU
		{34868BAD-B126-4329-9F6F-80078F5A2AE9}.Release|Any CPU.ActiveCfg = Release|Any CPU
		{34868BAD-B126-4329-9F6F-80078F5A2AE9}.Release|Any CPU.Build.0 = Release|Any CPU
		{D497AF5B-80B0-439D-A52E-09D9F04C8912}.Debug|Any CPU.ActiveCfg = Debug|Any CPU
		{D497AF5B-80B0-439D-A52E-09D9F04C8912}.Debug|Any CPU.Build.0 = Debug|Any CPU
		{D497AF5B-80B0-439D-A52E-09D9F04C8912}.Release|Any CPU.ActiveCfg = Release|Any CPU
		{D497AF5B-80B0-439D-A52E-09D9F04C8912}.Release|Any CPU.Build.0 = Release|Any CPU
		{B0509297-19AF-42F9-9321-498C7D174403}.Debug|Any CPU.ActiveCfg = Debug|Any CPU
		{B0509297-19AF-42F9-9321-498C7D174403}.Debug|Any CPU.Build.0 = Debug|Any CPU
		{B0509297-19AF-42F9-9321-498C7D174403}.Release|Any CPU.ActiveCfg = Release|Any CPU
		{B0509297-19AF-42F9-9321-498C7D174403}.Release|Any CPU.Build.0 = Release|Any CPU
		{7F6E4E9D-AF1D-49B5-83BC-7E4FDB5F0D6F}.Debug|Any CPU.ActiveCfg = Debug|Any CPU
		{7F6E4E9D-AF1D-49B5-83BC-7E4FDB5F0D6F}.Debug|Any CPU.Build.0 = Debug|Any CPU
		{7F6E4E9D-AF1D-49B5-83BC-7E4FDB5F0D6F}.Release|Any CPU.ActiveCfg = Release|Any CPU
		{7F6E4E9D-AF1D-49B5-83BC-7E4FDB5F0D6F}.Release|Any CPU.Build.0 = Release|Any CPU
		{0A861F78-EAFB-485B-B425-35615408BF8E}.Debug|Any CPU.ActiveCfg = Debug|Any CPU
		{0A861F78-EAFB-485B-B425-35615408BF8E}.Debug|Any CPU.Build.0 = Debug|Any CPU
		{0A861F78-EAFB-485B-B425-35615408BF8E}.Release|Any CPU.ActiveCfg = Release|Any CPU
		{0A861F78-EAFB-485B-B425-35615408BF8E}.Release|Any CPU.Build.0 = Release|Any CPU
		{46EAEABE-5042-47E2-A116-C0FA50C01D37}.Debug|Any CPU.ActiveCfg = Debug|Any CPU
		{46EAEABE-5042-47E2-A116-C0FA50C01D37}.Debug|Any CPU.Build.0 = Debug|Any CPU
		{46EAEABE-5042-47E2-A116-C0FA50C01D37}.Release|Any CPU.ActiveCfg = Release|Any CPU
		{46EAEABE-5042-47E2-A116-C0FA50C01D37}.Release|Any CPU.Build.0 = Release|Any CPU
	EndGlobalSection
	GlobalSection(NestedProjects) = preSolution
		{DC23ABB8-62C8-4482-A815-C90BDAF0FF41} = {913BD8EB-E71D-4CF6-8D90-43C61288FB75}
		{B3E9EEE8-9027-45AF-94D4-F2E6CC385481} = {913BD8EB-E71D-4CF6-8D90-43C61288FB75}
		{C8037F83-85A5-4B87-9950-95072B8BE997} = {B3E9EEE8-9027-45AF-94D4-F2E6CC385481}
		{27ADF64C-B2FD-4D86-9BCD-E80F43ED1B11} = {B3E9EEE8-9027-45AF-94D4-F2E6CC385481}
		{BAE88E94-1FA0-4187-91B0-DD01B440F728} = {747C05C1-94D3-4881-8CFA-8B77ADEAFFBB}
		{4D8A1EF6-BC0C-4AC7-A020-1593CE655E1D} = {BAE88E94-1FA0-4187-91B0-DD01B440F728}
		{1F43A30D-1A7C-4D6B-8CF0-D113EE07D2B9} = {BAE88E94-1FA0-4187-91B0-DD01B440F728}
		{77508DEA-80CC-4DB8-A953-DADD78FFA395} = {747C05C1-94D3-4881-8CFA-8B77ADEAFFBB}
		{83AB84CC-5FF5-4F2C-89B6-BF5920BC0CBF} = {3097D5CC-CBC2-4E5C-A30F-033F2AB5A189}
		{D7091CBA-96C9-4239-8208-9540509B55C4} = {3097D5CC-CBC2-4E5C-A30F-033F2AB5A189}
		{51A91DD6-1DB1-4EC2-A5B8-473B5AEF3245} = {747C05C1-94D3-4881-8CFA-8B77ADEAFFBB}
		{53C222C2-ED6A-4BCB-B890-7F51AD74B920} = {51A91DD6-1DB1-4EC2-A5B8-473B5AEF3245}
		{9DE25A67-6001-4C48-AFBD-543F5A3788BF} = {B3E9EEE8-9027-45AF-94D4-F2E6CC385481}
		{BE552E08-0201-46D9-8239-0EB2B8B1E626} = {BAE88E94-1FA0-4187-91B0-DD01B440F728}
		{10D6A0FA-F1C0-4282-AF6F-7F924D6AC1E9} = {51A91DD6-1DB1-4EC2-A5B8-473B5AEF3245}
		{50F42DD0-22A7-4B71-A929-612890FD27B9} = {51A91DD6-1DB1-4EC2-A5B8-473B5AEF3245}
		{34868BAD-B126-4329-9F6F-80078F5A2AE9} = {5F49F26F-5075-427F-B772-07677030868D}
		{ABE6CE08-1CC2-4E80-80F9-B8F6E5E860D3} = {5F49F26F-5075-427F-B772-07677030868D}
		{1B00910C-7F8E-45E9-A965-93EF7A792421} = {ABE6CE08-1CC2-4E80-80F9-B8F6E5E860D3}
		{D3A27AC1-B04B-4369-B407-337004BD8941} = {ABE6CE08-1CC2-4E80-80F9-B8F6E5E860D3}
		{4A09EE4B-26DD-48EB-A927-8164EBB2BDE3} = {ABE6CE08-1CC2-4E80-80F9-B8F6E5E860D3}
		{D497AF5B-80B0-439D-A52E-09D9F04C8912} = {3097D5CC-CBC2-4E5C-A30F-033F2AB5A189}
		{2C6545FC-E861-4918-A422-06331ABA2660} = {15E8E404-ACC7-47EB-AFC1-DB9A47F364AB}
		{7F6E4E9D-AF1D-49B5-83BC-7E4FDB5F0D6F} = {2C6545FC-E861-4918-A422-06331ABA2660}
		{B0509297-19AF-42F9-9321-498C7D174403} = {2C6545FC-E861-4918-A422-06331ABA2660}
		{0A861F78-EAFB-485B-B425-35615408BF8E} = {2C6545FC-E861-4918-A422-06331ABA2660}
		{46EAEABE-5042-47E2-A116-C0FA50C01D37} = {3097D5CC-CBC2-4E5C-A30F-033F2AB5A189}
	EndGlobalSection
EndGlobal
