<Solution>
  <Configurations>
    <Platform Name="Any CPU" />
    <Platform Name="x64" />
  </Configurations>
  <Folder Name="/Bridges/" />
  <Folder Name="/Bridges/Ros/">
    <Project Path="Bridges/TlarcRosBridge.Domain/TlarcRosBridge.Domain.csproj">
      <BuildType Solution="Debug|x64" Project="?" />
      <Platform Solution="Debug|x64" Project="?" />
      <Platform Solution="Release|x64" Project="x64" />
      <Build Solution="Debug|x64" Project="false" />
    </Project>
    <Project Path="Bridges/TlarcRosBridge.Infrastructure/TlarcRosBridge.Infrastructure.csproj">
      <BuildType Solution="Debug|x64" Project="?" />
      <Platform Solution="Debug|x64" Project="?" />
      <Platform Solution="Release|x64" Project="x64" />
      <Build Solution="Debug|x64" Project="false" />
    </Project>
    <Project Path="Bridges/TlarcRosBridge.Test/TlarcRosBridge.Test.csproj">
      <BuildType Solution="Debug|x64" Project="?" />
      <Platform Solution="Debug|x64" Project="?" />
      <Platform Solution="Release|x64" Project="x64" />
      <Build Solution="Debug|x64" Project="false" />
    </Project>
  </Folder>
  <Folder Name="/Kernel/">
    <Project Path="Kernel/Kernel.Benchmarks/Kernel.Benchmarks.csproj">
      <BuildType Solution="Debug|x64" Project="?" />
      <Platform Solution="Debug|x64" Project="?" />
      <Platform Solution="Release|x64" Project="x64" />
      <Build Solution="Debug|x64" Project="false" />
    </Project>
    <Project Path="Kernel/Kernel.Contract/Kernel.Contract.csproj">
      <Platform Solution="*|x64" Project="x64" />
    </Project>
    <Project Path="Kernel/Kernel.Core/Kernel.Core.csproj">
      <BuildType Solution="Debug|x64" Project="?" />
      <Platform Solution="Debug|x64" Project="?" />
      <Platform Solution="Release|x64" Project="x64" />
      <Build Solution="Debug|x64" Project="false" />
    </Project>
    <Project Path="Kernel/Kernel.Test/Kernel.Test.csproj">
      <BuildType Solution="Debug|x64" Project="?" />
      <Platform Solution="Debug|x64" Project="?" />
      <Platform Solution="Release|x64" Project="x64" />
      <Build Solution="Debug|x64" Project="false" />
    </Project>
    <Project Path="Kernel/Kernel.TestConsole/Kernel.TestConsole.csproj" />
    <Project Path="Kernel/Kernel.Utils/Kernel.Utils.csproj">
      <Platform Solution="*|x64" Project="x64" />
    </Project>
  </Folder>
  <Folder Name="/Map/">
    <Project Path="Map/Map.Test.Console/Map.Test.Console.csproj" />
    <Project Path="Map/Map/Map.csproj">
      <BuildType Solution="Debug|x64" Project="?" />
      <Platform Solution="Debug|x64" Project="?" />
      <Platform Solution="Release|x64" Project="x64" />
      <Build Solution="Debug|x64" Project="false" />
    </Project>
    <Project Path="Map/SafeCorridor.Infractructure/SafeCorridor.Infractructure.csproj">
      <Platform Solution="*|x64" Project="x64" />
    </Project>
  </Folder>
  <Folder Name="/Map/CostMap/">
    <Project Path="Map/CostMap.Infrastructure/CostMap.Infrastructure.csproj">
      <BuildType Solution="Debug|x64" Project="?" />
      <Platform Solution="Debug|x64" Project="?" />
      <Platform Solution="Release|x64" Project="x64" />
      <Build Solution="Debug|x64" Project="false" />
    </Project>
    <Project Path="Map/CostMap.Test/CostMap.Test.csproj">
      <BuildType Solution="Debug|x64" Project="?" />
      <Platform Solution="Debug|x64" Project="?" />
      <Platform Solution="Release|x64" Project="x64" />
      <Build Solution="Debug|x64" Project="false" />
    </Project>
  </Folder>
  <Folder Name="/Planner/">
    <Project Path="Planner/ALPlanner.Test.Console/ALPlanner.Test.Console.csproj" />
    <Project Path="Planner/Planner.Test.Console/Planner.Test.Console.csproj" />
    <Project Path="Planner/Planner/Planner.csproj">
      <BuildType Solution="Debug|x64" Project="?" />
      <Platform Solution="Debug|x64" Project="?" />
      <Platform Solution="Release|x64" Project="x64" />
      <Build Solution="Debug|x64" Project="false" />
    </Project>
  </Folder>
  <Folder Name="/Planner/ALPLanner/">
    <Project Path="Planner/ALPlanner.Domain/ALPlanner.Domain.csproj">
      <BuildType Solution="Debug|x64" Project="?" />
      <BuildType Solution="Release|Any CPU" Project="Release-linux-amd64" />
      <Platform Solution="Debug|x64" Project="?" />
      <Platform Solution="Release|*" Project="x64" />
      <Build Solution="Debug|x64" Project="false" />
    </Project>
    <Project Path="Planner/ALPlanner.Infrastructure/ALPlanner.Infrastructure.csproj">
      <BuildType Solution="Debug|x64" Project="?" />
      <Platform Solution="Debug|x64" Project="?" />
      <Platform Solution="Release|x64" Project="x64" />
      <Build Solution="Debug|x64" Project="false" />
    </Project>
    <Project Path="Planner/ALPlanner.Test/ALPlanner.Test.csproj">
      <BuildType Solution="Debug|x64" Project="?" />
      <Platform Solution="Debug|x64" Project="?" />
      <Platform Solution="Release|x64" Project="x64" />
      <Build Solution="Debug|x64" Project="false" />
    </Project>
  </Folder>
  <Folder Name="/Runables/">
    <Project Path="Runables/AlPlanner/AlPlanner.csproj" />
    <Project Path="Runables/MapBuilder/MapBuilder.csproj" />
    <Project Path="Runables/MapServer/MapServer.csproj" />
  </Folder>
  <Folder Name="/TrajectoryTracker/">
    <Project Path="TrajectoryTracker/TrajectoryTracker/TrajectoryTracker.csproj">
      <BuildType Solution="Debug|x64" Project="?" />
      <Platform Solution="Debug|x64" Project="?" />
      <Platform Solution="Release|x64" Project="x64" />
      <Build Solution="Debug|x64" Project="false" />
    </Project>
  </Folder>
  <Folder Name="/TrajectoryTracker/MPC/">
    <Project Path="TrajectoryTracker/MPC.Instructure/MPC.Instructure.csproj">
      <BuildType Solution="Debug|x64" Project="?" />
      <Platform Solution="Debug|x64" Project="?" />
      <Platform Solution="Release|x64" Project="x64" />
      <Build Solution="Debug|x64" Project="false" />
    </Project>
  </Folder>
</Solution>
